{
  "nodes": {
    "home-manager": {
      "inputs": {
        "nixpkgs": [
          "nixpkgs"
        ]
      },
      "locked": {
        "lastModified": 1620555824,
        "narHash": "sha256-1CYRDbHTC38azOZaIGlC4puExhpOSIP5aMOTrclaHuo=",
        "owner": "nix-community",
        "repo": "home-manager",
        "rev": "15a2953c814efd5280f121d802c510d26ca15726",
        "type": "github"
      },
      "original": {
        "owner": "nix-community",
        "repo": "home-manager",
        "type": "github"
      }
    },
    "nixpkgs": {
      "locked": {
        "lastModified": 1620374106,
        "narHash": "sha256-1v3hj48aGu6pQZEW/nC/JIi+S1oUL3pJwCAyi4GLXNQ=",
        "owner": "nixos",
        "repo": "nixpkgs",
        "rev": "1c16013bd6e94da748b41cc123c6b509a23eb440",
        "type": "github"
      },
      "original": {
        "owner": "nixos",
        "ref": "nixpkgs-unstable",
        "repo": "nixpkgs",
        "type": "github"
      }
    },
    "root": {
      "inputs": {
        "home-manager": "home-manager",
        "nixpkgs": "nixpkgs"
      }
    }
  },
  "root": "root",
  "version": 7
}
